{
    "version": 3,
    "terraform_version": "0.11.3",
    "serial": 2,
    "lineage": "4d9a75e6-164a-4f85-b864-4fc9b0bd1007",
    "modules": [
        {
            "path": [
                "root"
            ],
            "outputs": {},
            "resources": {
                "aws_eip.forNat": {
                    "type": "aws_eip",
                    "depends_on": [],
                    "primary": {
                        "id": "eipalloc-5925766f",
                        "attributes": {
                            "association_id": "",
                            "domain": "vpc",
                            "id": "eipalloc-5925766f",
                            "instance": "",
                            "network_interface": "",
                            "private_ip": "",
                            "public_ip": "35.172.168.18",
                            "tags.%": "0",
                            "vpc": "true"
                        },
                        "meta": {},
                        "tainted": false
                    },
                    "deposed": [],
                    "provider": "provider.aws"
                },
                "aws_internet_gateway.gw": {
                    "type": "aws_internet_gateway",
                    "depends_on": [
                        "aws_vpc.terraformmain"
                    ],
                    "primary": {
                        "id": "igw-4c54a034",
                        "attributes": {
                            "id": "igw-4c54a034",
                            "tags.%": "1",
                            "tags.Name": "internet gw terraform generated",
                            "vpc_id": "vpc-5260ae29"
                        },
                        "meta": {},
                        "tainted": false
                    },
                    "deposed": [],
                    "provider": "provider.aws"
                },
                "aws_nat_gateway.Public": {
                    "type": "aws_nat_gateway",
                    "depends_on": [
                        "aws_eip.forNat",
                        "aws_internet_gateway.gw",
                        "aws_subnet.Public"
                    ],
                    "primary": {
                        "id": "nat-0bc6ea9d2c6de9732",
                        "attributes": {
                            "allocation_id": "eipalloc-5925766f",
                            "id": "nat-0bc6ea9d2c6de9732",
                            "network_interface_id": "eni-2d1c5aad",
                            "private_ip": "10.0.0.61",
                            "public_ip": "35.172.168.18",
                            "subnet_id": "subnet-c096a8a4",
                            "tags.%": "0"
                        },
                        "meta": {},
                        "tainted": false
                    },
                    "deposed": [],
                    "provider": "provider.aws"
                },
                "aws_route_table.private": {
                    "type": "aws_route_table",
                    "depends_on": [
                        "aws_nat_gateway.Public",
                        "aws_vpc.terraformmain"
                    ],
                    "primary": {
                        "id": "rtb-8240b6fe",
                        "attributes": {
                            "id": "rtb-8240b6fe",
                            "propagating_vgws.#": "0",
                            "route.#": "1",
                            "route.665184606.cidr_block": "0.0.0.0/0",
                            "route.665184606.egress_only_gateway_id": "",
                            "route.665184606.gateway_id": "",
                            "route.665184606.instance_id": "",
                            "route.665184606.ipv6_cidr_block": "",
                            "route.665184606.nat_gateway_id": "nat-0bc6ea9d2c6de9732",
                            "route.665184606.network_interface_id": "",
                            "route.665184606.vpc_peering_connection_id": "",
                            "tags.%": "1",
                            "tags.Name": "Private",
                            "vpc_id": "vpc-5260ae29"
                        },
                        "meta": {},
                        "tainted": false
                    },
                    "deposed": [],
                    "provider": "provider.aws"
                },
                "aws_route_table.public": {
                    "type": "aws_route_table",
                    "depends_on": [
                        "aws_internet_gateway.gw",
                        "aws_vpc.terraformmain"
                    ],
                    "primary": {
                        "id": "rtb-434fb93f",
                        "attributes": {
                            "id": "rtb-434fb93f",
                            "propagating_vgws.#": "0",
                            "route.#": "1",
                            "route.3356580412.cidr_block": "0.0.0.0/0",
                            "route.3356580412.egress_only_gateway_id": "",
                            "route.3356580412.gateway_id": "igw-4c54a034",
                            "route.3356580412.instance_id": "",
                            "route.3356580412.ipv6_cidr_block": "",
                            "route.3356580412.nat_gateway_id": "",
                            "route.3356580412.network_interface_id": "",
                            "route.3356580412.vpc_peering_connection_id": "",
                            "tags.%": "1",
                            "tags.Name": "Public",
                            "vpc_id": "vpc-5260ae29"
                        },
                        "meta": {},
                        "tainted": false
                    },
                    "deposed": [],
                    "provider": "provider.aws"
                },
                "aws_route_table_association.Private": {
                    "type": "aws_route_table_association",
                    "depends_on": [
                        "aws_route_table.private",
                        "aws_subnet.Private"
                    ],
                    "primary": {
                        "id": "rtbassoc-8798d4fb",
                        "attributes": {
                            "id": "rtbassoc-8798d4fb",
                            "route_table_id": "rtb-8240b6fe",
                            "subnet_id": "subnet-ef3b6cc0"
                        },
                        "meta": {},
                        "tainted": false
                    },
                    "deposed": [],
                    "provider": "provider.aws"
                },
                "aws_route_table_association.Public": {
                    "type": "aws_route_table_association",
                    "depends_on": [
                        "aws_route_table.public",
                        "aws_subnet.Public"
                    ],
                    "primary": {
                        "id": "rtbassoc-8898d4f4",
                        "attributes": {
                            "id": "rtbassoc-8898d4f4",
                            "route_table_id": "rtb-434fb93f",
                            "subnet_id": "subnet-c096a8a4"
                        },
                        "meta": {},
                        "tainted": false
                    },
                    "deposed": [],
                    "provider": "provider.aws"
                },
                "aws_subnet.Private": {
                    "type": "aws_subnet",
                    "depends_on": [
                        "aws_vpc.terraformmain",
                        "data.aws_availability_zones.available"
                    ],
                    "primary": {
                        "id": "subnet-ef3b6cc0",
                        "attributes": {
                            "assign_ipv6_address_on_creation": "false",
                            "availability_zone": "us-east-1b",
                            "cidr_block": "10.0.1.0/24",
                            "id": "subnet-ef3b6cc0",
                            "map_public_ip_on_launch": "false",
                            "tags.%": "1",
                            "tags.Name": "Private",
                            "vpc_id": "vpc-5260ae29"
                        },
                        "meta": {
                            "schema_version": "1"
                        },
                        "tainted": false
                    },
                    "deposed": [],
                    "provider": "provider.aws"
                },
                "aws_subnet.Public": {
                    "type": "aws_subnet",
                    "depends_on": [
                        "aws_vpc.terraformmain",
                        "data.aws_availability_zones.available"
                    ],
                    "primary": {
                        "id": "subnet-c096a8a4",
                        "attributes": {
                            "assign_ipv6_address_on_creation": "false",
                            "availability_zone": "us-east-1a",
                            "cidr_block": "10.0.0.0/24",
                            "id": "subnet-c096a8a4",
                            "map_public_ip_on_launch": "false",
                            "tags.%": "1",
                            "tags.Name": "Public",
                            "vpc_id": "vpc-5260ae29"
                        },
                        "meta": {
                            "schema_version": "1"
                        },
                        "tainted": false
                    },
                    "deposed": [],
                    "provider": "provider.aws"
                },
                "aws_vpc.terraformmain": {
                    "type": "aws_vpc",
                    "depends_on": [],
                    "primary": {
                        "id": "vpc-5260ae29",
                        "attributes": {
                            "assign_generated_ipv6_cidr_block": "false",
                            "cidr_block": "10.0.0.0/16",
                            "default_network_acl_id": "acl-44e3ba3f",
                            "default_route_table_id": "rtb-4940b635",
                            "default_security_group_id": "sg-788ca60f",
                            "dhcp_options_id": "dopt-17abcb71",
                            "enable_classiclink": "false",
                            "enable_classiclink_dns_support": "false",
                            "enable_dns_hostnames": "true",
                            "enable_dns_support": "true",
                            "id": "vpc-5260ae29",
                            "instance_tenancy": "default",
                            "main_route_table_id": "rtb-4940b635",
                            "tags.%": "1",
                            "tags.Name": "My terraform vpc"
                        },
                        "meta": {
                            "schema_version": "1"
                        },
                        "tainted": false
                    },
                    "deposed": [],
                    "provider": "provider.aws"
                },
                "data.aws_availability_zones.available": {
                    "type": "aws_availability_zones",
                    "depends_on": [],
                    "primary": {
                        "id": "2018-02-20 13:54:03.5890493 +0000 UTC",
                        "attributes": {
                            "id": "2018-02-20 13:54:03.5890493 +0000 UTC",
                            "names.#": "6",
                            "names.0": "us-east-1a",
                            "names.1": "us-east-1b",
                            "names.2": "us-east-1c",
                            "names.3": "us-east-1d",
                            "names.4": "us-east-1e",
                            "names.5": "us-east-1f"
                        },
                        "meta": {},
                        "tainted": false
                    },
                    "deposed": [],
                    "provider": "provider.aws"
                }
            },
            "depends_on": []
        }
    ]
}
